
Microsoft Visual Studio Solution File, Format Version 12.00
# Visual Studio Version 16
VisualStudioVersion = 16.0.35026.282
MinimumVisualStudioVersion = 10.0.40219.1
Project("{FAE04EC0-301F-11D3-BF4B-00C04F79EFBC}") = "ViewStateDemo", "ViewStateDemo\ViewStateDemo.csproj", "{58004967-C7F2-4B4E-BE62-E30A06B3FD1C}"
EndProject
Global
	GlobalSection(SolutionConfigurationPlatforms) = preSolution
		Debug|Any CPU = Debug|Any CPU
		Release|Any CPU = Release|Any CPU
	EndGlobalSection
	GlobalSection(ProjectConfigurationPlatforms) = postSolution
		{58004967-C7F2-4B4E-BE62-E30A06B3FD1C}.Debug|Any CPU.ActiveCfg = Debug|Any CPU
		{58004967-C7F2-4B4E-BE62-E30A06B3FD1C}.Debug|Any CPU.Build.0 = Debug|Any CPU
		{58004967-C7F2-4B4E-BE62-E30A06B3FD1C}.Release|Any CPU.ActiveCfg = Release|Any CPU
		{58004967-C7F2-4B4E-BE62-E30A06B3FD1C}.Release|Any CPU.Build.0 = Release|Any CPU
	EndGlobalSection
	GlobalSection(SolutionProperties) = preSolution
		HideSolutionNode = FALSE
	EndGlobalSection
	GlobalSection(ExtensibilityGlobals) = postSolution
		SolutionGuid = {0EC035A9-AD7C-4FCC-97AB-9FF990BC8238}
	EndGlobalSection
EndGlobal
